
Microsoft Visual Studio Solution File, Format Version 12.00
# Visual Studio Version 16
VisualStudioVersion = 16.0.29905.134
MinimumVisualStudioVersion = 10.0.40219.1
Project("{9A19103F-16F7-4668-BE54-9A1E7A4F7556}") = "EasyHealth.Server", "EasyHealth\Server\EasyHealth.Server.csproj", "{B9FE8A56-DF88-4DA1-8169-29DFACC4086B}"
EndProject
Project("{9A19103F-16F7-4668-BE54-9A1E7A4F7556}") = "EasyHealth.Client", "EasyHealth\Client\EasyHealth.Client.csproj", "{2FB10F8F-6EFC-4D3F-9F95-237311C9583D}"
EndProject
Project("{9A19103F-16F7-4668-BE54-9A1E7A4F7556}") = "EasyHealth.Shared", "EasyHealth\Shared\EasyHealth.Shared.csproj", "{8324A9B8-1E7E-454B-80C5-502B1F730F50}"
EndProject
Global
	GlobalSection(SolutionConfigurationPlatforms) = preSolution
		Debug|Any CPU = Debug|Any CPU
		Release|Any CPU = Release|Any CPU
	EndGlobalSection
	GlobalSection(ProjectConfigurationPlatforms) = postSolution
		{B9FE8A56-DF88-4DA1-8169-29DFACC4086B}.Debug|Any CPU.ActiveCfg = Debug|Any CPU
		{B9FE8A56-DF88-4DA1-8169-29DFACC4086B}.Debug|Any CPU.Build.0 = Debug|Any CPU
		{B9FE8A56-DF88-4DA1-8169-29DFACC4086B}.Release|Any CPU.ActiveCfg = Release|Any CPU
		{B9FE8A56-DF88-4DA1-8169-29DFACC4086B}.Release|Any CPU.Build.0 = Release|Any CPU
		{2FB10F8F-6EFC-4D3F-9F95-237311C9583D}.Debug|Any CPU.ActiveCfg = Debug|Any CPU
		{2FB10F8F-6EFC-4D3F-9F95-237311C9583D}.Debug|Any CPU.Build.0 = Debug|Any CPU
		{2FB10F8F-6EFC-4D3F-9F95-237311C9583D}.Release|Any CPU.ActiveCfg = Release|Any CPU
		{2FB10F8F-6EFC-4D3F-9F95-237311C9583D}.Release|Any CPU.Build.0 = Release|Any CPU
		{8324A9B8-1E7E-454B-80C5-502B1F730F50}.Debug|Any CPU.ActiveCfg = Debug|Any CPU
		{8324A9B8-1E7E-454B-80C5-502B1F730F50}.Debug|Any CPU.Build.0 = Debug|Any CPU
		{8324A9B8-1E7E-454B-80C5-502B1F730F50}.Release|Any CPU.ActiveCfg = Release|Any CPU
		{8324A9B8-1E7E-454B-80C5-502B1F730F50}.Release|Any CPU.Build.0 = Release|Any CPU
	EndGlobalSection
	GlobalSection(SolutionProperties) = preSolution
		HideSolutionNode = FALSE
	EndGlobalSection
	GlobalSection(ExtensibilityGlobals) = postSolution
		SolutionGuid = {80C4C4FF-A5CE-4F2E-BF4B-007405222C77}
	EndGlobalSection
EndGlobal
